// !$*UTF8*$!
{
	archiveVersion = 1;
	classes = {
	};
	objectVersion = 56;
	objects = {

/* Begin PBXBuildFile section */
		C811A5A52D476F7400281D94 /* ListViewModel.swift in Sources */ = {isa = PBXBuildFile; fileRef = C811A5A22D476F7400281D94 /* ListViewModel.swift */; };
		C811A5A62D476F7400281D94 /* ListView.swift in Sources */ = {isa = PBXBuildFile; fileRef = C811A5A32D476F7400281D94 /* ListView.swift */; };
		C811A5AB2D476F8100281D94 /* CityCoordinateFinder.swift in Sources */ = {isa = PBXBuildFile; fileRef = C811A5A92D476F8100281D94 /* CityCoordinateFinder.swift */; };
		C811A5AC2D476F8100281D94 /* URLOpener.swift in Sources */ = {isa = PBXBuildFile; fileRef = C811A5A82D476F8100281D94 /* URLOpener.swift */; };
		C811A5AD2D476F8100281D94 /* URLGenerator.swift in Sources */ = {isa = PBXBuildFile; fileRef = C811A5A72D476F8100281D94 /* URLGenerator.swift */; };
		C811A5B22D47987900281D94 /* ListViewModelTests.swift in Sources */ = {isa = PBXBuildFile; fileRef = C811A5B12D47987900281D94 /* ListViewModelTests.swift */; };
		C811A5B42D47990600281D94 /* MockLocationsRepository.swift in Sources */ = {isa = PBXBuildFile; fileRef = C811A5B32D47990600281D94 /* MockLocationsRepository.swift */; };
		C8B6BFDB2D481FBA0053E950 /* APIClientDelegate.swift in Sources */ = {isa = PBXBuildFile; fileRef = C8B6BFDA2D481FBA0053E950 /* APIClientDelegate.swift */; };
		F49CB4062C25BE180034E16A /* PlacesApp.swift in Sources */ = {isa = PBXBuildFile; fileRef = F49CB4052C25BE180034E16A /* PlacesApp.swift */; };
		F49CB40A2C25BE1A0034E16A /* Assets.xcassets in Resources */ = {isa = PBXBuildFile; fileRef = F49CB4092C25BE1A0034E16A /* Assets.xcassets */; };
		F49CB40D2C25BE1A0034E16A /* Preview Assets.xcassets in Resources */ = {isa = PBXBuildFile; fileRef = F49CB40C2C25BE1A0034E16A /* Preview Assets.xcassets */; };
		F49CB4212C25BE1B0034E16A /* PlacesUITests.swift in Sources */ = {isa = PBXBuildFile; fileRef = F49CB4202C25BE1B0034E16A /* PlacesUITests.swift */; };
		F49CB4232C25BE1B0034E16A /* PlacesUITestsLaunchTests.swift in Sources */ = {isa = PBXBuildFile; fileRef = F49CB4222C25BE1B0034E16A /* PlacesUITestsLaunchTests.swift */; };
		F49CB4352C25D0630034E16A /* DefaultLocationsRepository.swift in Sources */ = {isa = PBXBuildFile; fileRef = F49CB4342C25D0630034E16A /* DefaultLocationsRepository.swift */; };
		F49CB4372C25D09C0034E16A /* LocationsRepository.swift in Sources */ = {isa = PBXBuildFile; fileRef = F49CB4362C25D09C0034E16A /* LocationsRepository.swift */; };
		F49CB43A2C25D0C80034E16A /* Location.swift in Sources */ = {isa = PBXBuildFile; fileRef = F49CB4392C25D0C80034E16A /* Location.swift */; };
		F49CB4422C2865850034E16A /* ApiClient.swift in Sources */ = {isa = PBXBuildFile; fileRef = F49CB4412C2865850034E16A /* ApiClient.swift */; };
		F49CB4462C2865F00034E16A /* DefaultApiClient.swift in Sources */ = {isa = PBXBuildFile; fileRef = F49CB4452C2865F00034E16A /* DefaultApiClient.swift */; };
/* End PBXBuildFile section */

/* Begin PBXContainerItemProxy section */
		F49CB4132C25BE1B0034E16A /* PBXContainerItemProxy */ = {
			isa = PBXContainerItemProxy;
			containerPortal = F49CB3FA2C25BE180034E16A /* Project object */;
			proxyType = 1;
			remoteGlobalIDString = F49CB4012C25BE180034E16A;
			remoteInfo = Places;
		};
		F49CB41D2C25BE1B0034E16A /* PBXContainerItemProxy */ = {
			isa = PBXContainerItemProxy;
			containerPortal = F49CB3FA2C25BE180034E16A /* Project object */;
			proxyType = 1;
			remoteGlobalIDString = F49CB4012C25BE180034E16A;
			remoteInfo = Places;
		};
/* End PBXContainerItemProxy section */

/* Begin PBXFileReference section */
		C811A5A22D476F7400281D94 /* ListViewModel.swift */ = {isa = PBXFileReference; lastKnownFileType = sourcecode.swift; path = ListViewModel.swift; sourceTree = "<group>"; };
		C811A5A32D476F7400281D94 /* ListView.swift */ = {isa = PBXFileReference; lastKnownFileType = sourcecode.swift; path = ListView.swift; sourceTree = "<group>"; };
		C811A5A72D476F8100281D94 /* URLGenerator.swift */ = {isa = PBXFileReference; lastKnownFileType = sourcecode.swift; path = URLGenerator.swift; sourceTree = "<group>"; };
		C811A5A82D476F8100281D94 /* URLOpener.swift */ = {isa = PBXFileReference; lastKnownFileType = sourcecode.swift; path = URLOpener.swift; sourceTree = "<group>"; };
		C811A5A92D476F8100281D94 /* CityCoordinateFinder.swift */ = {isa = PBXFileReference; lastKnownFileType = sourcecode.swift; path = CityCoordinateFinder.swift; sourceTree = "<group>"; };
		C811A5B12D47987900281D94 /* ListViewModelTests.swift */ = {isa = PBXFileReference; lastKnownFileType = sourcecode.swift; path = ListViewModelTests.swift; sourceTree = "<group>"; };
		C811A5B32D47990600281D94 /* MockLocationsRepository.swift */ = {isa = PBXFileReference; lastKnownFileType = sourcecode.swift; path = MockLocationsRepository.swift; sourceTree = "<group>"; };
		C8B6BFDA2D481FBA0053E950 /* APIClientDelegate.swift */ = {isa = PBXFileReference; lastKnownFileType = sourcecode.swift; path = APIClientDelegate.swift; sourceTree = "<group>"; };
		F49CB4022C25BE180034E16A /* Places.app */ = {isa = PBXFileReference; explicitFileType = wrapper.application; includeInIndex = 0; path = Places.app; sourceTree = BUILT_PRODUCTS_DIR; };
		F49CB4052C25BE180034E16A /* PlacesApp.swift */ = {isa = PBXFileReference; lastKnownFileType = sourcecode.swift; path = PlacesApp.swift; sourceTree = "<group>"; };
		F49CB4092C25BE1A0034E16A /* Assets.xcassets */ = {isa = PBXFileReference; lastKnownFileType = folder.assetcatalog; path = Assets.xcassets; sourceTree = "<group>"; };
		F49CB40C2C25BE1A0034E16A /* Preview Assets.xcassets */ = {isa = PBXFileReference; lastKnownFileType = folder.assetcatalog; path = "Preview Assets.xcassets"; sourceTree = "<group>"; };
		F49CB4122C25BE1B0034E16A /* PlacesTests.xctest */ = {isa = PBXFileReference; explicitFileType = wrapper.cfbundle; includeInIndex = 0; path = PlacesTests.xctest; sourceTree = BUILT_PRODUCTS_DIR; };
		F49CB41C2C25BE1B0034E16A /* PlacesUITests.xctest */ = {isa = PBXFileReference; explicitFileType = wrapper.cfbundle; includeInIndex = 0; path = PlacesUITests.xctest; sourceTree = BUILT_PRODUCTS_DIR; };
		F49CB4202C25BE1B0034E16A /* PlacesUITests.swift */ = {isa = PBXFileReference; lastKnownFileType = sourcecode.swift; path = PlacesUITests.swift; sourceTree = "<group>"; };
		F49CB4222C25BE1B0034E16A /* PlacesUITestsLaunchTests.swift */ = {isa = PBXFileReference; lastKnownFileType = sourcecode.swift; path = PlacesUITestsLaunchTests.swift; sourceTree = "<group>"; };
		F49CB4342C25D0630034E16A /* DefaultLocationsRepository.swift */ = {isa = PBXFileReference; lastKnownFileType = sourcecode.swift; path = DefaultLocationsRepository.swift; sourceTree = "<group>"; };
		F49CB4362C25D09C0034E16A /* LocationsRepository.swift */ = {isa = PBXFileReference; lastKnownFileType = sourcecode.swift; path = LocationsRepository.swift; sourceTree = "<group>"; };
		F49CB4392C25D0C80034E16A /* Location.swift */ = {isa = PBXFileReference; lastKnownFileType = sourcecode.swift; path = Location.swift; sourceTree = "<group>"; };
		F49CB4412C2865850034E16A /* ApiClient.swift */ = {isa = PBXFileReference; lastKnownFileType = sourcecode.swift; path = ApiClient.swift; sourceTree = "<group>"; };
		F49CB4452C2865F00034E16A /* DefaultApiClient.swift */ = {isa = PBXFileReference; lastKnownFileType = sourcecode.swift; path = DefaultApiClient.swift; sourceTree = "<group>"; };
		F49CB44A2C286F760034E16A /* Info.plist */ = {isa = PBXFileReference; lastKnownFileType = text.plist; path = Info.plist; sourceTree = "<group>"; };
/* End PBXFileReference section */

/* Begin PBXFrameworksBuildPhase section */
		F49CB3FF2C25BE180034E16A /* Frameworks */ = {
			isa = PBXFrameworksBuildPhase;
			buildActionMask = 2147483647;
			files = (
			);
			runOnlyForDeploymentPostprocessing = 0;
		};
		F49CB40F2C25BE1B0034E16A /* Frameworks */ = {
			isa = PBXFrameworksBuildPhase;
			buildActionMask = 2147483647;
			files = (
			);
			runOnlyForDeploymentPostprocessing = 0;
		};
		F49CB4192C25BE1B0034E16A /* Frameworks */ = {
			isa = PBXFrameworksBuildPhase;
			buildActionMask = 2147483647;
			files = (
			);
			runOnlyForDeploymentPostprocessing = 0;
		};
/* End PBXFrameworksBuildPhase section */

/* Begin PBXGroup section */
		C811A5A42D476F7400281D94 /* ListView */ = {
			isa = PBXGroup;
			children = (
				C811A5A22D476F7400281D94 /* ListViewModel.swift */,
				C811A5A32D476F7400281D94 /* ListView.swift */,
			);
			path = ListView;
			sourceTree = "<group>";
		};
		C811A5AA2D476F8100281D94 /* Utils */ = {
			isa = PBXGroup;
			children = (
				C811A5A72D476F8100281D94 /* URLGenerator.swift */,
				C811A5A82D476F8100281D94 /* URLOpener.swift */,
				C811A5A92D476F8100281D94 /* CityCoordinateFinder.swift */,
			);
			path = Utils;
			sourceTree = "<group>";
		};
		F49CB3F92C25BE180034E16A = {
			isa = PBXGroup;
			children = (
				F49CB4042C25BE180034E16A /* Places */,
				F49CB4152C25BE1B0034E16A /* PlacesTests */,
				F49CB41F2C25BE1B0034E16A /* PlacesUITests */,
				F49CB4032C25BE180034E16A /* Products */,
			);
			sourceTree = "<group>";
		};
		F49CB4032C25BE180034E16A /* Products */ = {
			isa = PBXGroup;
			children = (
				F49CB4022C25BE180034E16A /* Places.app */,
				F49CB4122C25BE1B0034E16A /* PlacesTests.xctest */,
				F49CB41C2C25BE1B0034E16A /* PlacesUITests.xctest */,
			);
			name = Products;
			sourceTree = "<group>";
		};
		F49CB4042C25BE180034E16A /* Places */ = {
			isa = PBXGroup;
			children = (
				C811A5AA2D476F8100281D94 /* Utils */,
				C811A5A42D476F7400281D94 /* ListView */,
				F49CB44A2C286F760034E16A /* Info.plist */,
				F49CB4382C25D0BC0034E16A /* Models */,
				F49CB4402C2865720034E16A /* Network */,
				F49CB4332C25D0140034E16A /* Repository */,
				F49CB4052C25BE180034E16A /* PlacesApp.swift */,
				F49CB4092C25BE1A0034E16A /* Assets.xcassets */,
				F49CB40B2C25BE1A0034E16A /* Preview Content */,
			);
			path = Places;
			sourceTree = "<group>";
		};
		F49CB40B2C25BE1A0034E16A /* Preview Content */ = {
			isa = PBXGroup;
			children = (
				F49CB40C2C25BE1A0034E16A /* Preview Assets.xcassets */,
			);
			path = "Preview Content";
			sourceTree = "<group>";
		};
		F49CB4152C25BE1B0034E16A /* PlacesTests */ = {
			isa = PBXGroup;
			children = (
				C811A5B32D47990600281D94 /* MockLocationsRepository.swift */,
				C811A5B12D47987900281D94 /* ListViewModelTests.swift */,
			);
			path = PlacesTests;
			sourceTree = "<group>";
		};
		F49CB41F2C25BE1B0034E16A /* PlacesUITests */ = {
			isa = PBXGroup;
			children = (
				F49CB4202C25BE1B0034E16A /* PlacesUITests.swift */,
				F49CB4222C25BE1B0034E16A /* PlacesUITestsLaunchTests.swift */,
			);
			path = PlacesUITests;
			sourceTree = "<group>";
		};
		F49CB4332C25D0140034E16A /* Repository */ = {
			isa = PBXGroup;
			children = (
				F49CB4342C25D0630034E16A /* DefaultLocationsRepository.swift */,
				F49CB4432C2865D40034E16A /* Protocols */,
			);
			path = Repository;
			sourceTree = "<group>";
		};
		F49CB4382C25D0BC0034E16A /* Models */ = {
			isa = PBXGroup;
			children = (
				F49CB4392C25D0C80034E16A /* Location.swift */,
			);
			path = Models;
			sourceTree = "<group>";
		};
		F49CB4402C2865720034E16A /* Network */ = {
			isa = PBXGroup;
			children = (
				C8B6BFDA2D481FBA0053E950 /* APIClientDelegate.swift */,
				F49CB4442C2865DE0034E16A /* Protocols */,
				F49CB4452C2865F00034E16A /* DefaultApiClient.swift */,
			);
			path = Network;
			sourceTree = "<group>";
		};
		F49CB4432C2865D40034E16A /* Protocols */ = {
			isa = PBXGroup;
			children = (
				F49CB4362C25D09C0034E16A /* LocationsRepository.swift */,
			);
			path = Protocols;
			sourceTree = "<group>";
		};
		F49CB4442C2865DE0034E16A /* Protocols */ = {
			isa = PBXGroup;
			children = (
				F49CB4412C2865850034E16A /* ApiClient.swift */,
			);
			path = Protocols;
			sourceTree = "<group>";
		};
/* End PBXGroup section */

/* Begin PBXNativeTarget section */
		F49CB4012C25BE180034E16A /* Places */ = {
			isa = PBXNativeTarget;
			buildConfigurationList = F49CB4262C25BE1B0034E16A /* Build configuration list for PBXNativeTarget "Places" */;
			buildPhases = (
				F49CB3FE2C25BE180034E16A /* Sources */,
				F49CB3FF2C25BE180034E16A /* Frameworks */,
				F49CB4002C25BE180034E16A /* Resources */,
			);
			buildRules = (
			);
			dependencies = (
			);
			name = Places;
			productName = Places;
			productReference = F49CB4022C25BE180034E16A /* Places.app */;
			productType = "com.apple.product-type.application";
		};
		F49CB4112C25BE1B0034E16A /* PlacesTests */ = {
			isa = PBXNativeTarget;
			buildConfigurationList = F49CB4292C25BE1B0034E16A /* Build configuration list for PBXNativeTarget "PlacesTests" */;
			buildPhases = (
				F49CB40E2C25BE1B0034E16A /* Sources */,
				F49CB40F2C25BE1B0034E16A /* Frameworks */,
				F49CB4102C25BE1B0034E16A /* Resources */,
			);
			buildRules = (
			);
			dependencies = (
				F49CB4142C25BE1B0034E16A /* PBXTargetDependency */,
			);
			name = PlacesTests;
			productName = PlacesTests;
			productReference = F49CB4122C25BE1B0034E16A /* PlacesTests.xctest */;
			productType = "com.apple.product-type.bundle.unit-test";
		};
		F49CB41B2C25BE1B0034E16A /* PlacesUITests */ = {
			isa = PBXNativeTarget;
			buildConfigurationList = F49CB42C2C25BE1B0034E16A /* Build configuration list for PBXNativeTarget "PlacesUITests" */;
			buildPhases = (
				F49CB4182C25BE1B0034E16A /* Sources */,
				F49CB4192C25BE1B0034E16A /* Frameworks */,
				F49CB41A2C25BE1B0034E16A /* Resources */,
			);
			buildRules = (
			);
			dependencies = (
				F49CB41E2C25BE1B0034E16A /* PBXTargetDependency */,
			);
			name = PlacesUITests;
			productName = PlacesUITests;
			productReference = F49CB41C2C25BE1B0034E16A /* PlacesUITests.xctest */;
			productType = "com.apple.product-type.bundle.ui-testing";
		};
/* End PBXNativeTarget section */

/* Begin PBXProject section */
		F49CB3FA2C25BE180034E16A /* Project object */ = {
			isa = PBXProject;
			attributes = {
				BuildIndependentTargetsInParallel = 1;
				LastSwiftUpdateCheck = 1520;
				LastUpgradeCheck = 1620;
				TargetAttributes = {
					F49CB4012C25BE180034E16A = {
						CreatedOnToolsVersion = 15.2;
					};
					F49CB4112C25BE1B0034E16A = {
						CreatedOnToolsVersion = 15.2;
						TestTargetID = F49CB4012C25BE180034E16A;
					};
					F49CB41B2C25BE1B0034E16A = {
						CreatedOnToolsVersion = 15.2;
						TestTargetID = F49CB4012C25BE180034E16A;
					};
				};
			};
			buildConfigurationList = F49CB3FD2C25BE180034E16A /* Build configuration list for PBXProject "Places" */;
			compatibilityVersion = "Xcode 14.0";
			developmentRegion = en;
			hasScannedForEncodings = 0;
			knownRegions = (
				en,
				Base,
			);
			mainGroup = F49CB3F92C25BE180034E16A;
			packageReferences = (
			);
			productRefGroup = F49CB4032C25BE180034E16A /* Products */;
			projectDirPath = "";
			projectRoot = "";
			targets = (
				F49CB4012C25BE180034E16A /* Places */,
				F49CB4112C25BE1B0034E16A /* PlacesTests */,
				F49CB41B2C25BE1B0034E16A /* PlacesUITests */,
			);
		};
/* End PBXProject section */

/* Begin PBXResourcesBuildPhase section */
		F49CB4002C25BE180034E16A /* Resources */ = {
			isa = PBXResourcesBuildPhase;
			buildActionMask = 2147483647;
			files = (
				F49CB40D2C25BE1A0034E16A /* Preview Assets.xcassets in Resources */,
				F49CB40A2C25BE1A0034E16A /* Assets.xcassets in Resources */,
			);
			runOnlyForDeploymentPostprocessing = 0;
		};
		F49CB4102C25BE1B0034E16A /* Resources */ = {
			isa = PBXResourcesBuildPhase;
			buildActionMask = 2147483647;
			files = (
			);
			runOnlyForDeploymentPostprocessing = 0;
		};
		F49CB41A2C25BE1B0034E16A /* Resources */ = {
			isa = PBXResourcesBuildPhase;
			buildActionMask = 2147483647;
			files = (
			);
			runOnlyForDeploymentPostprocessing = 0;
		};
/* End PBXResourcesBuildPhase section */

/* Begin PBXSourcesBuildPhase section */
		F49CB3FE2C25BE180034E16A /* Sources */ = {
			isa = PBXSourcesBuildPhase;
			buildActionMask = 2147483647;
			files = (
				F49CB4352C25D0630034E16A /* DefaultLocationsRepository.swift in Sources */,
				F49CB4372C25D09C0034E16A /* LocationsRepository.swift in Sources */,
				C811A5AB2D476F8100281D94 /* CityCoordinateFinder.swift in Sources */,
				C811A5AC2D476F8100281D94 /* URLOpener.swift in Sources */,
				C811A5AD2D476F8100281D94 /* URLGenerator.swift in Sources */,
				F49CB4422C2865850034E16A /* ApiClient.swift in Sources */,
				F49CB43A2C25D0C80034E16A /* Location.swift in Sources */,
				C811A5A52D476F7400281D94 /* ListViewModel.swift in Sources */,
				C811A5A62D476F7400281D94 /* ListView.swift in Sources */,
				F49CB4062C25BE180034E16A /* PlacesApp.swift in Sources */,
				C8B6BFDB2D481FBA0053E950 /* APIClientDelegate.swift in Sources */,
				F49CB4462C2865F00034E16A /* DefaultApiClient.swift in Sources */,
			);
			runOnlyForDeploymentPostprocessing = 0;
		};
		F49CB40E2C25BE1B0034E16A /* Sources */ = {
			isa = PBXSourcesBuildPhase;
			buildActionMask = 2147483647;
			files = (
				C811A5B42D47990600281D94 /* MockLocationsRepository.swift in Sources */,
				C811A5B22D47987900281D94 /* ListViewModelTests.swift in Sources */,
			);
			runOnlyForDeploymentPostprocessing = 0;
		};
		F49CB4182C25BE1B0034E16A /* Sources */ = {
			isa = PBXSourcesBuildPhase;
			buildActionMask = 2147483647;
			files = (
				F49CB4232C25BE1B0034E16A /* PlacesUITestsLaunchTests.swift in Sources */,
				F49CB4212C25BE1B0034E16A /* PlacesUITests.swift in Sources */,
			);
			runOnlyForDeploymentPostprocessing = 0;
		};
/* End PBXSourcesBuildPhase section */

/* Begin PBXTargetDependency section */
		F49CB4142C25BE1B0034E16A /* PBXTargetDependency */ = {
			isa = PBXTargetDependency;
			target = F49CB4012C25BE180034E16A /* Places */;
			targetProxy = F49CB4132C25BE1B0034E16A /* PBXContainerItemProxy */;
		};
		F49CB41E2C25BE1B0034E16A /* PBXTargetDependency */ = {
			isa = PBXTargetDependency;
			target = F49CB4012C25BE180034E16A /* Places */;
			targetProxy = F49CB41D2C25BE1B0034E16A /* PBXContainerItemProxy */;
		};
/* End PBXTargetDependency section */

/* Begin XCBuildConfiguration section */
		F49CB4242C25BE1B0034E16A /* Debug */ = {
			isa = XCBuildConfiguration;
			buildSettings = {
				ALWAYS_SEARCH_USER_PATHS = NO;
				ASSETCATALOG_COMPILER_GENERATE_SWIFT_ASSET_SYMBOL_EXTENSIONS = YES;
				CLANG_ANALYZER_NONNULL = YES;
				CLANG_ANALYZER_NUMBER_OBJECT_CONVERSION = YES_AGGRESSIVE;
				CLANG_CXX_LANGUAGE_STANDARD = "gnu++20";
				CLANG_ENABLE_MODULES = YES;
				CLANG_ENABLE_OBJC_ARC = YES;
				CLANG_ENABLE_OBJC_WEAK = YES;
				CLANG_WARN_BLOCK_CAPTURE_AUTORELEASING = YES;
				CLANG_WARN_BOOL_CONVERSION = YES;
				CLANG_WARN_COMMA = YES;
				CLANG_WARN_CONSTANT_CONVERSION = YES;
				CLANG_WARN_DEPRECATED_OBJC_IMPLEMENTATIONS = YES;
				CLANG_WARN_DIRECT_OBJC_ISA_USAGE = YES_ERROR;
				CLANG_WARN_DOCUMENTATION_COMMENTS = YES;
				CLANG_WARN_EMPTY_BODY = YES;
				CLANG_WARN_ENUM_CONVERSION = YES;
				CLANG_WARN_INFINITE_RECURSION = YES;
				CLANG_WARN_INT_CONVERSION = YES;
				CLANG_WARN_NON_LITERAL_NULL_CONVERSION = YES;
				CLANG_WARN_OBJC_IMPLICIT_RETAIN_SELF = YES;
				CLANG_WARN_OBJC_LITERAL_CONVERSION = YES;
				CLANG_WARN_OBJC_ROOT_CLASS = YES_ERROR;
				CLANG_WARN_QUOTED_INCLUDE_IN_FRAMEWORK_HEADER = YES;
				CLANG_WARN_RANGE_LOOP_ANALYSIS = YES;
				CLANG_WARN_STRICT_PROTOTYPES = YES;
				CLANG_WARN_SUSPICIOUS_MOVE = YES;
				CLANG_WARN_UNGUARDED_AVAILABILITY = YES_AGGRESSIVE;
				CLANG_WARN_UNREACHABLE_CODE = YES;
				CLANG_WARN__DUPLICATE_METHOD_MATCH = YES;
				COPY_PHASE_STRIP = NO;
				DEBUG_INFORMATION_FORMAT = dwarf;
				ENABLE_STRICT_OBJC_MSGSEND = YES;
				ENABLE_TESTABILITY = YES;
				ENABLE_USER_SCRIPT_SANDBOXING = YES;
				GCC_C_LANGUAGE_STANDARD = gnu17;
				GCC_DYNAMIC_NO_PIC = NO;
				GCC_NO_COMMON_BLOCKS = YES;
				GCC_OPTIMIZATION_LEVEL = 0;
				GCC_PREPROCESSOR_DEFINITIONS = (
					"DEBUG=1",
					"$(inherited)",
				);
				GCC_WARN_64_TO_32_BIT_CONVERSION = YES;
				GCC_WARN_ABOUT_RETURN_TYPE = YES_ERROR;
				GCC_WARN_UNDECLARED_SELECTOR = YES;
				GCC_WARN_UNINITIALIZED_AUTOS = YES_AGGRESSIVE;
				GCC_WARN_UNUSED_FUNCTION = YES;
				GCC_WARN_UNUSED_VARIABLE = YES;
				IPHONEOS_DEPLOYMENT_TARGET = 17.2;
				LOCALIZATION_PREFERS_STRING_CATALOGS = YES;
				MTL_ENABLE_DEBUG_INFO = INCLUDE_SOURCE;
				MTL_FAST_MATH = YES;
				ONLY_ACTIVE_ARCH = YES;
				SDKROOT = iphoneos;
				SWIFT_ACTIVE_COMPILATION_CONDITIONS = "DEBUG $(inherited)";
				SWIFT_OPTIMIZATION_LEVEL = "-Onone";
			};
			name = Debug;
		};
		F49CB4252C25BE1B0034E16A /* Release */ = {
			isa = XCBuildConfiguration;
			buildSettings = {
				ALWAYS_SEARCH_USER_PATHS = NO;
				ASSETCATALOG_COMPILER_GENERATE_SWIFT_ASSET_SYMBOL_EXTENSIONS = YES;
				CLANG_ANALYZER_NONNULL = YES;
				CLANG_ANALYZER_NUMBER_OBJECT_CONVERSION = YES_AGGRESSIVE;
				CLANG_CXX_LANGUAGE_STANDARD = "gnu++20";
				CLANG_ENABLE_MODULES = YES;
				CLANG_ENABLE_OBJC_ARC = YES;
				CLANG_ENABLE_OBJC_WEAK = YES;
				CLANG_WARN_BLOCK_CAPTURE_AUTORELEASING = YES;
				CLANG_WARN_BOOL_CONVERSION = YES;
				CLANG_WARN_COMMA = YES;
				CLANG_WARN_CONSTANT_CONVERSION = YES;
				CLANG_WARN_DEPRECATED_OBJC_IMPLEMENTATIONS = YES;
				CLANG_WARN_DIRECT_OBJC_ISA_USAGE = YES_ERROR;
				CLANG_WARN_DOCUMENTATION_COMMENTS = YES;
				CLANG_WARN_EMPTY_BODY = YES;
				CLANG_WARN_ENUM_CONVERSION = YES;
				CLANG_WARN_INFINITE_RECURSION = YES;
				CLANG_WARN_INT_CONVERSION = YES;
				CLANG_WARN_NON_LITERAL_NULL_CONVERSION = YES;
				CLANG_WARN_OBJC_IMPLICIT_RETAIN_SELF = YES;
				CLANG_WARN_OBJC_LITERAL_CONVERSION = YES;
				CLANG_WARN_OBJC_ROOT_CLASS = YES_ERROR;
				CLANG_WARN_QUOTED_INCLUDE_IN_FRAMEWORK_HEADER = YES;
				CLANG_WARN_RANGE_LOOP_ANALYSIS = YES;
				CLANG_WARN_STRICT_PROTOTYPES = YES;
				CLANG_WARN_SUSPICIOUS_MOVE = YES;
				CLANG_WARN_UNGUARDED_AVAILABILITY = YES_AGGRESSIVE;
				CLANG_WARN_UNREACHABLE_CODE = YES;
				CLANG_WARN__DUPLICATE_METHOD_MATCH = YES;
				COPY_PHASE_STRIP = NO;
				DEBUG_INFORMATION_FORMAT = "dwarf-with-dsym";
				ENABLE_NS_ASSERTIONS = NO;
				ENABLE_STRICT_OBJC_MSGSEND = YES;
				ENABLE_USER_SCRIPT_SANDBOXING = YES;
				GCC_C_LANGUAGE_STANDARD = gnu17;
				GCC_NO_COMMON_BLOCKS = YES;
				GCC_WARN_64_TO_32_BIT_CONVERSION = YES;
				GCC_WARN_ABOUT_RETURN_TYPE = YES_ERROR;
				GCC_WARN_UNDECLARED_SELECTOR = YES;
				GCC_WARN_UNINITIALIZED_AUTOS = YES_AGGRESSIVE;
				GCC_WARN_UNUSED_FUNCTION = YES;
				GCC_WARN_UNUSED_VARIABLE = YES;
				IPHONEOS_DEPLOYMENT_TARGET = 17.2;
				LOCALIZATION_PREFERS_STRING_CATALOGS = YES;
				MTL_ENABLE_DEBUG_INFO = NO;
				MTL_FAST_MATH = YES;
				SDKROOT = iphoneos;
				SWIFT_COMPILATION_MODE = wholemodule;
				VALIDATE_PRODUCT = YES;
			};
			name = Release;
		};
		F49CB4272C25BE1B0034E16A /* Debug */ = {
			isa = XCBuildConfiguration;
			buildSettings = {
				ASSETCATALOG_COMPILER_APPICON_NAME = AppIcon;
				ASSETCATALOG_COMPILER_GLOBAL_ACCENT_COLOR_NAME = AccentColor;
				CODE_SIGN_STYLE = Automatic;
				CURRENT_PROJECT_VERSION = 1;
				DEVELOPMENT_ASSET_PATHS = "\"Places/Preview Content\"";
				ENABLE_PREVIEWS = YES;
				GENERATE_INFOPLIST_FILE = YES;
				INFOPLIST_FILE = Places/Info.plist;
				INFOPLIST_KEY_UIApplicationSceneManifest_Generation = YES;
				INFOPLIST_KEY_UIApplicationSupportsIndirectInputEvents = YES;
				INFOPLIST_KEY_UILaunchScreen_Generation = YES;
				INFOPLIST_KEY_UISupportedInterfaceOrientations_iPad = "UIInterfaceOrientationPortrait UIInterfaceOrientationPortraitUpsideDown UIInterfaceOrientationLandscapeLeft UIInterfaceOrientationLandscapeRight";
				INFOPLIST_KEY_UISupportedInterfaceOrientations_iPhone = "UIInterfaceOrientationPortrait UIInterfaceOrientationLandscapeLeft UIInterfaceOrientationLandscapeRight";
				LD_RUNPATH_SEARCH_PATHS = (
					"$(inherited)",
					"@executable_path/Frameworks",
				);
				MARKETING_VERSION = 1.0;
				PRODUCT_BUNDLE_IDENTIFIER = com.natepotter.places;
				PRODUCT_NAME = "$(TARGET_NAME)";
				SWIFT_EMIT_LOC_STRINGS = YES;
				SWIFT_STRICT_CONCURRENCY = complete;
				SWIFT_VERSION = 5.0;
				TARGETED_DEVICE_FAMILY = "1,2";
			};
			name = Debug;
		};
		F49CB4282C25BE1B0034E16A /* Release */ = {
			isa = XCBuildConfiguration;
			buildSettings = {
				ASSETCATALOG_COMPILER_APPICON_NAME = AppIcon;
				ASSETCATALOG_COMPILER_GLOBAL_ACCENT_COLOR_NAME = AccentColor;
				CODE_SIGN_STYLE = Automatic;
				CURRENT_PROJECT_VERSION = 1;
				DEVELOPMENT_ASSET_PATHS = "\"Places/Preview Content\"";
				ENABLE_PREVIEWS = YES;
				GENERATE_INFOPLIST_FILE = YES;
				INFOPLIST_FILE = Places/Info.plist;
				INFOPLIST_KEY_UIApplicationSceneManifest_Generation = YES;
				INFOPLIST_KEY_UIApplicationSupportsIndirectInputEvents = YES;
				INFOPLIST_KEY_UILaunchScreen_Generation = YES;
				INFOPLIST_KEY_UISupportedInterfaceOrientations_iPad = "UIInterfaceOrientationPortrait UIInterfaceOrientationPortraitUpsideDown UIInterfaceOrientationLandscapeLeft UIInterfaceOrientationLandscapeRight";
				INFOPLIST_KEY_UISupportedInterfaceOrientations_iPhone = "UIInterfaceOrientationPortrait UIInterfaceOrientationLandscapeLeft UIInterfaceOrientationLandscapeRight";
				LD_RUNPATH_SEARCH_PATHS = (
					"$(inherited)",
					"@executable_path/Frameworks",
				);
				MARKETING_VERSION = 1.0;
				PRODUCT_BUNDLE_IDENTIFIER = com.natepotter.places;
				PRODUCT_NAME = "$(TARGET_NAME)";
				SWIFT_EMIT_LOC_STRINGS = YES;
				SWIFT_STRICT_CONCURRENCY = complete;
				SWIFT_VERSION = 5.0;
				TARGETED_DEVICE_FAMILY = "1,2";
			};
			name = Release;
		};
		F49CB42A2C25BE1B0034E16A /* Debug */ = {
			isa = XCBuildConfiguration;
			buildSettings = {
				BUNDLE_LOADER = "$(TEST_HOST)";
				CODE_SIGN_STYLE = Automatic;
				CURRENT_PROJECT_VERSION = 1;
				GENERATE_INFOPLIST_FILE = YES;
				IPHONEOS_DEPLOYMENT_TARGET = 17.2;
				MARKETING_VERSION = 1.0;
				PRODUCT_BUNDLE_IDENTIFIER = com.abnamro.nl.PlacesTests;
				PRODUCT_NAME = "$(TARGET_NAME)";
				SWIFT_EMIT_LOC_STRINGS = NO;
				SWIFT_VERSION = 5.0;
				TARGETED_DEVICE_FAMILY = "1,2";
				TEST_HOST = "$(BUILT_PRODUCTS_DIR)/Places.app/$(BUNDLE_EXECUTABLE_FOLDER_PATH)/Places";
			};
			name = Debug;
		};
		F49CB42B2C25BE1B0034E16A /* Release */ = {
			isa = XCBuildConfiguration;
			buildSettings = {
				BUNDLE_LOADER = "$(TEST_HOST)";
				CODE_SIGN_STYLE = Automatic;
				CURRENT_PROJECT_VERSION = 1;
				GENERATE_INFOPLIST_FILE = YES;
				IPHONEOS_DEPLOYMENT_TARGET = 17.2;
				MARKETING_VERSION = 1.0;
				PRODUCT_BUNDLE_IDENTIFIER = com.abnamro.nl.PlacesTests;
				PRODUCT_NAME = "$(TARGET_NAME)";
				SWIFT_EMIT_LOC_STRINGS = NO;
				SWIFT_VERSION = 5.0;
				TARGETED_DEVICE_FAMILY = "1,2";
				TEST_HOST = "$(BUILT_PRODUCTS_DIR)/Places.app/$(BUNDLE_EXECUTABLE_FOLDER_PATH)/Places";
			};
			name = Release;
		};
		F49CB42D2C25BE1B0034E16A /* Debug */ = {
			isa = XCBuildConfiguration;
			buildSettings = {
				CODE_SIGN_STYLE = Automatic;
				CURRENT_PROJECT_VERSION = 1;
				GENERATE_INFOPLIST_FILE = YES;
				MARKETING_VERSION = 1.0;
				PRODUCT_BUNDLE_IDENTIFIER = com.abnamro.nl.PlacesUITests;
				PRODUCT_NAME = "$(TARGET_NAME)";
				SWIFT_EMIT_LOC_STRINGS = NO;
				SWIFT_VERSION = 5.0;
				TARGETED_DEVICE_FAMILY = "1,2";
				TEST_TARGET_NAME = Places;
			};
			name = Debug;
		};
		F49CB42E2C25BE1B0034E16A /* Release */ = {
			isa = XCBuildConfiguration;
			buildSettings = {
				CODE_SIGN_STYLE = Automatic;
				CURRENT_PROJECT_VERSION = 1;
				GENERATE_INFOPLIST_FILE = YES;
				MARKETING_VERSION = 1.0;
				PRODUCT_BUNDLE_IDENTIFIER = com.abnamro.nl.PlacesUITests;
				PRODUCT_NAME = "$(TARGET_NAME)";
				SWIFT_EMIT_LOC_STRINGS = NO;
				SWIFT_VERSION = 5.0;
				TARGETED_DEVICE_FAMILY = "1,2";
				TEST_TARGET_NAME = Places;
			};
			name = Release;
		};
/* End XCBuildConfiguration section */

/* Begin XCConfigurationList section */
		F49CB3FD2C25BE180034E16A /* Build configuration list for PBXProject "Places" */ = {
			isa = XCConfigurationList;
			buildConfigurations = (
				F49CB4242C25BE1B0034E16A /* Debug */,
				F49CB4252C25BE1B0034E16A /* Release */,
			);
			defaultConfigurationIsVisible = 0;
			defaultConfigurationName = Release;
		};
		F49CB4262C25BE1B0034E16A /* Build configuration list for PBXNativeTarget "Places" */ = {
			isa = XCConfigurationList;
			buildConfigurations = (
				F49CB4272C25BE1B0034E16A /* Debug */,
				F49CB4282C25BE1B0034E16A /* Release */,
			);
			defaultConfigurationIsVisible = 0;
			defaultConfigurationName = Release;
		};
		F49CB4292C25BE1B0034E16A /* Build configuration list for PBXNativeTarget "PlacesTests" */ = {
			isa = XCConfigurationList;
			buildConfigurations = (
				F49CB42A2C25BE1B0034E16A /* Debug */,
				F49CB42B2C25BE1B0034E16A /* Release */,
			);
			defaultConfigurationIsVisible = 0;
			defaultConfigurationName = Release;
		};
		F49CB42C2C25BE1B0034E16A /* Build configuration list for PBXNativeTarget "PlacesUITests" */ = {
			isa = XCConfigurationList;
			buildConfigurations = (
				F49CB42D2C25BE1B0034E16A /* Debug */,
				F49CB42E2C25BE1B0034E16A /* Release */,
			);
			defaultConfigurationIsVisible = 0;
			defaultConfigurationName = Release;
		};
/* End XCConfigurationList section */
	};
	rootObject = F49CB3FA2C25BE180034E16A /* Project object */;
}
